// !$*UTF8*$!
{
	archiveVersion = 1;
	classes = {
	};
	objectVersion = 51;
	objects = {

/* Begin PBXBuildFile section */
		2240802824D7B2BB00472A2C /* CategoryViewController.swift in Sources */ = {isa = PBXBuildFile; fileRef = 2240802724D7B2BB00472A2C /* CategoryViewController.swift */; };
		2258523424D3FD7B00FE307F /* AppDelegate.swift in Sources */ = {isa = PBXBuildFile; fileRef = 2258523324D3FD7B00FE307F /* AppDelegate.swift */; };
		2258523624D3FD7B00FE307F /* SceneDelegate.swift in Sources */ = {isa = PBXBuildFile; fileRef = 2258523524D3FD7B00FE307F /* SceneDelegate.swift */; };
		2258523824D3FD7B00FE307F /* ToDoListViewController.swift in Sources */ = {isa = PBXBuildFile; fileRef = 2258523724D3FD7B00FE307F /* ToDoListViewController.swift */; };
		2258523B24D3FD7B00FE307F /* Main.storyboard in Resources */ = {isa = PBXBuildFile; fileRef = 2258523924D3FD7B00FE307F /* Main.storyboard */; };
		2258523D24D3FD7D00FE307F /* Assets.xcassets in Resources */ = {isa = PBXBuildFile; fileRef = 2258523C24D3FD7D00FE307F /* Assets.xcassets */; };
		2258524024D3FD7D00FE307F /* LaunchScreen.storyboard in Resources */ = {isa = PBXBuildFile; fileRef = 2258523E24D3FD7D00FE307F /* LaunchScreen.storyboard */; };
		22E0A38924D8EB03003D1A3C /* Item.swift in Sources */ = {isa = PBXBuildFile; fileRef = 22E0A38824D8EB03003D1A3C /* Item.swift */; };
		22E0A38B24D8EB15003D1A3C /* Category.swift in Sources */ = {isa = PBXBuildFile; fileRef = 22E0A38A24D8EB15003D1A3C /* Category.swift */; };
		406B515694AF7E912EF22D9B /* Pods_ToDoList.framework in Frameworks */ = {isa = PBXBuildFile; fileRef = A19D8695741F1C5A935031B4 /* Pods_ToDoList.framework */; };
/* End PBXBuildFile section */

/* Begin PBXFileReference section */
		2240802724D7B2BB00472A2C /* CategoryViewController.swift */ = {isa = PBXFileReference; lastKnownFileType = sourcecode.swift; path = CategoryViewController.swift; sourceTree = "<group>"; };
		2258523024D3FD7B00FE307F /* ToDoList.app */ = {isa = PBXFileReference; explicitFileType = wrapper.application; includeInIndex = 0; path = ToDoList.app; sourceTree = BUILT_PRODUCTS_DIR; };
		2258523324D3FD7B00FE307F /* AppDelegate.swift */ = {isa = PBXFileReference; lastKnownFileType = sourcecode.swift; path = AppDelegate.swift; sourceTree = "<group>"; };
		2258523524D3FD7B00FE307F /* SceneDelegate.swift */ = {isa = PBXFileReference; lastKnownFileType = sourcecode.swift; path = SceneDelegate.swift; sourceTree = "<group>"; };
		2258523724D3FD7B00FE307F /* ToDoListViewController.swift */ = {isa = PBXFileReference; lastKnownFileType = sourcecode.swift; path = ToDoListViewController.swift; sourceTree = "<group>"; };
		2258523A24D3FD7B00FE307F /* Base */ = {isa = PBXFileReference; lastKnownFileType = file.storyboard; name = Base; path = Base.lproj/Main.storyboard; sourceTree = "<group>"; };
		2258523C24D3FD7D00FE307F /* Assets.xcassets */ = {isa = PBXFileReference; lastKnownFileType = folder.assetcatalog; path = Assets.xcassets; sourceTree = "<group>"; };
		2258523F24D3FD7D00FE307F /* Base */ = {isa = PBXFileReference; lastKnownFileType = file.storyboard; name = Base; path = Base.lproj/LaunchScreen.storyboard; sourceTree = "<group>"; };
		2258524124D3FD7D00FE307F /* Info.plist */ = {isa = PBXFileReference; lastKnownFileType = text.plist.xml; path = Info.plist; sourceTree = "<group>"; };
		22E0A38824D8EB03003D1A3C /* Item.swift */ = {isa = PBXFileReference; lastKnownFileType = sourcecode.swift; path = Item.swift; sourceTree = "<group>"; };
		22E0A38A24D8EB15003D1A3C /* Category.swift */ = {isa = PBXFileReference; lastKnownFileType = sourcecode.swift; path = Category.swift; sourceTree = "<group>"; };
		724C324AA0AFCFE91AC388ED /* Pods-ToDoList.release.xcconfig */ = {isa = PBXFileReference; includeInIndex = 1; lastKnownFileType = text.xcconfig; name = "Pods-ToDoList.release.xcconfig"; path = "Target Support Files/Pods-ToDoList/Pods-ToDoList.release.xcconfig"; sourceTree = "<group>"; };
		A19D8695741F1C5A935031B4 /* Pods_ToDoList.framework */ = {isa = PBXFileReference; explicitFileType = wrapper.framework; includeInIndex = 0; path = Pods_ToDoList.framework; sourceTree = BUILT_PRODUCTS_DIR; };
		B8BD9DB028E425857536CA48 /* Pods-ToDoList.debug.xcconfig */ = {isa = PBXFileReference; includeInIndex = 1; lastKnownFileType = text.xcconfig; name = "Pods-ToDoList.debug.xcconfig"; path = "Target Support Files/Pods-ToDoList/Pods-ToDoList.debug.xcconfig"; sourceTree = "<group>"; };
/* End PBXFileReference section */

/* Begin PBXFrameworksBuildPhase section */
		2258522D24D3FD7B00FE307F /* Frameworks */ = {
			isa = PBXFrameworksBuildPhase;
			buildActionMask = 2147483647;
			files = (
				406B515694AF7E912EF22D9B /* Pods_ToDoList.framework in Frameworks */,
			);
			runOnlyForDeploymentPostprocessing = 0;
		};
/* End PBXFrameworksBuildPhase section */

/* Begin PBXGroup section */
		2258522724D3FD7B00FE307F = {
			isa = PBXGroup;
			children = (
				2258523224D3FD7B00FE307F /* ToDoList */,
				2258523124D3FD7B00FE307F /* Products */,
				551DA619D17F30BA0368C183 /* Pods */,
				290411B834E1EC1D80723832 /* Frameworks */,
			);
			sourceTree = "<group>";
		};
		2258523124D3FD7B00FE307F /* Products */ = {
			isa = PBXGroup;
			children = (
				2258523024D3FD7B00FE307F /* ToDoList.app */,
			);
			name = Products;
			sourceTree = "<group>";
		};
		2258523224D3FD7B00FE307F /* ToDoList */ = {
			isa = PBXGroup;
			children = (
				2258524A24D4260300FE307F /* Supporting Files */,
				2258524924D425FC00FE307F /* Views */,
				2258524824D425F500FE307F /* Controllers */,
				2258524724D425EC00FE307F /* Data Model */,
				2258523324D3FD7B00FE307F /* AppDelegate.swift */,
				2258523524D3FD7B00FE307F /* SceneDelegate.swift */,
				2258523C24D3FD7D00FE307F /* Assets.xcassets */,
				2258523E24D3FD7D00FE307F /* LaunchScreen.storyboard */,
				2258524124D3FD7D00FE307F /* Info.plist */,
			);
			path = ToDoList;
			sourceTree = "<group>";
		};
		2258524724D425EC00FE307F /* Data Model */ = {
			isa = PBXGroup;
			children = (
				22E0A38A24D8EB15003D1A3C /* Category.swift */,
				22E0A38824D8EB03003D1A3C /* Item.swift */,
			);
			path = "Data Model";
			sourceTree = "<group>";
		};
		2258524824D425F500FE307F /* Controllers */ = {
			isa = PBXGroup;
			children = (
				2240802724D7B2BB00472A2C /* CategoryViewController.swift */,
				2258523724D3FD7B00FE307F /* ToDoListViewController.swift */,
			);
			path = Controllers;
			sourceTree = "<group>";
		};
		2258524924D425FC00FE307F /* Views */ = {
			isa = PBXGroup;
			children = (
				2258523924D3FD7B00FE307F /* Main.storyboard */,
			);
			path = Views;
			sourceTree = "<group>";
		};
		2258524A24D4260300FE307F /* Supporting Files */ = {
			isa = PBXGroup;
			children = (
			);
			path = "Supporting Files";
			sourceTree = "<group>";
		};
		290411B834E1EC1D80723832 /* Frameworks */ = {
			isa = PBXGroup;
			children = (
				A19D8695741F1C5A935031B4 /* Pods_ToDoList.framework */,
			);
			name = Frameworks;
			sourceTree = "<group>";
		};
		551DA619D17F30BA0368C183 /* Pods */ = {
			isa = PBXGroup;
			children = (
				B8BD9DB028E425857536CA48 /* Pods-ToDoList.debug.xcconfig */,
				724C324AA0AFCFE91AC388ED /* Pods-ToDoList.release.xcconfig */,
			);
			path = Pods;
			sourceTree = "<group>";
		};
/* End PBXGroup section */

/* Begin PBXNativeTarget section */
		2258522F24D3FD7B00FE307F /* ToDoList */ = {
			isa = PBXNativeTarget;
			buildConfigurationList = 2258524424D3FD7D00FE307F /* Build configuration list for PBXNativeTarget "ToDoList" */;
			buildPhases = (
				F53AECEE91154F0A2BA6D5FF /* [CP] Check Pods Manifest.lock */,
				2258522C24D3FD7B00FE307F /* Sources */,
				2258522D24D3FD7B00FE307F /* Frameworks */,
				2258522E24D3FD7B00FE307F /* Resources */,
				8D260B71EC690D62CBB90C95 /* [CP] Embed Pods Frameworks */,
			);
			buildRules = (
			);
			dependencies = (
			);
			name = ToDoList;
			productName = ToDoList;
			productReference = 2258523024D3FD7B00FE307F /* ToDoList.app */;
			productType = "com.apple.product-type.application";
		};
/* End PBXNativeTarget section */

/* Begin PBXProject section */
		2258522824D3FD7B00FE307F /* Project object */ = {
			isa = PBXProject;
			attributes = {
				LastSwiftUpdateCheck = 1130;
				LastUpgradeCheck = 1130;
				ORGANIZATIONNAME = "Tran Viet";
				TargetAttributes = {
					2258522F24D3FD7B00FE307F = {
						CreatedOnToolsVersion = 11.3.1;
					};
				};
			};
			buildConfigurationList = 2258522B24D3FD7B00FE307F /* Build configuration list for PBXProject "ToDoList" */;
			compatibilityVersion = "Xcode 9.3";
			developmentRegion = en;
			hasScannedForEncodings = 0;
			knownRegions = (
				en,
				Base,
			);
			mainGroup = 2258522724D3FD7B00FE307F;
			productRefGroup = 2258523124D3FD7B00FE307F /* Products */;
			projectDirPath = "";
			projectRoot = "";
			targets = (
				2258522F24D3FD7B00FE307F /* ToDoList */,
			);
		};
/* End PBXProject section */

/* Begin PBXResourcesBuildPhase section */
		2258522E24D3FD7B00FE307F /* Resources */ = {
			isa = PBXResourcesBuildPhase;
			buildActionMask = 2147483647;
			files = (
				2258524024D3FD7D00FE307F /* LaunchScreen.storyboard in Resources */,
				2258523D24D3FD7D00FE307F /* Assets.xcassets in Resources */,
				2258523B24D3FD7B00FE307F /* Main.storyboard in Resources */,
			);
			runOnlyForDeploymentPostprocessing = 0;
		};
/* End PBXResourcesBuildPhase section */

/* Begin PBXShellScriptBuildPhase section */
		8D260B71EC690D62CBB90C95 /* [CP] Embed Pods Frameworks */ = {
			isa = PBXShellScriptBuildPhase;
			buildActionMask = 2147483647;
			files = (
			);
			inputFileListPaths = (
				"${PODS_ROOT}/Target Support Files/Pods-ToDoList/Pods-ToDoList-frameworks-${CONFIGURATION}-input-files.xcfilelist",
			);
			name = "[CP] Embed Pods Frameworks";
			outputFileListPaths = (
				"${PODS_ROOT}/Target Support Files/Pods-ToDoList/Pods-ToDoList-frameworks-${CONFIGURATION}-output-files.xcfilelist",
			);
			runOnlyForDeploymentPostprocessing = 0;
			shellPath = /bin/sh;
			shellScript = "\"${PODS_ROOT}/Target Support Files/Pods-ToDoList/Pods-ToDoList-frameworks.sh\"\n";
			showEnvVarsInLog = 0;
		};
		F53AECEE91154F0A2BA6D5FF /* [CP] Check Pods Manifest.lock */ = {
			isa = PBXShellScriptBuildPhase;
			buildActionMask = 2147483647;
			files = (
			);
			inputFileListPaths = (
			);
			inputPaths = (
				"${PODS_PODFILE_DIR_PATH}/Podfile.lock",
				"${PODS_ROOT}/Manifest.lock",
			);
			name = "[CP] Check Pods Manifest.lock";
			outputFileListPaths = (
			);
			outputPaths = (
				"$(DERIVED_FILE_DIR)/Pods-ToDoList-checkManifestLockResult.txt",
			);
			runOnlyForDeploymentPostprocessing = 0;
			shellPath = /bin/sh;
			shellScript = "diff \"${PODS_PODFILE_DIR_PATH}/Podfile.lock\" \"${PODS_ROOT}/Manifest.lock\" > /dev/null\nif [ $? != 0 ] ; then\n    # print error to STDERR\n    echo \"error: The sandbox is not in sync with the Podfile.lock. Run 'pod install' or update your CocoaPods installation.\" >&2\n    exit 1\nfi\n# This output is used by Xcode 'outputs' to avoid re-running this script phase.\necho \"SUCCESS\" > \"${SCRIPT_OUTPUT_FILE_0}\"\n";
			showEnvVarsInLog = 0;
		};
/* End PBXShellScriptBuildPhase section */

/* Begin PBXSourcesBuildPhase section */
		2258522C24D3FD7B00FE307F /* Sources */ = {
			isa = PBXSourcesBuildPhase;
			buildActionMask = 2147483647;
			files = (
				2240802824D7B2BB00472A2C /* CategoryViewController.swift in Sources */,
				2258523824D3FD7B00FE307F /* ToDoListViewController.swift in Sources */,
				22E0A38924D8EB03003D1A3C /* Item.swift in Sources */,
				2258523424D3FD7B00FE307F /* AppDelegate.swift in Sources */,
				2258523624D3FD7B00FE307F /* SceneDelegate.swift in Sources */,
				22E0A38B24D8EB15003D1A3C /* Category.swift in Sources */,
			);
			runOnlyForDeploymentPostprocessing = 0;
		};
/* End PBXSourcesBuildPhase section */

/* Begin PBXVariantGroup section */
		2258523924D3FD7B00FE307F /* Main.storyboard */ = {
			isa = PBXVariantGroup;
			children = (
				2258523A24D3FD7B00FE307F /* Base */,
			);
			name = Main.storyboard;
			sourceTree = "<group>";
		};
		2258523E24D3FD7D00FE307F /* LaunchScreen.storyboard */ = {
			isa = PBXVariantGroup;
			children = (
				2258523F24D3FD7D00FE307F /* Base */,
			);
			name = LaunchScreen.storyboard;
			sourceTree = "<group>";
		};
/* End PBXVariantGroup section */

/* Begin XCBuildConfiguration section */
		2258524224D3FD7D00FE307F /* Debug */ = {
			isa = XCBuildConfiguration;
			buildSettings = {
				ALWAYS_SEARCH_USER_PATHS = NO;
				CLANG_ANALYZER_NONNULL = YES;
				CLANG_ANALYZER_NUMBER_OBJECT_CONVERSION = YES_AGGRESSIVE;
				CLANG_CXX_LANGUAGE_STANDARD = "gnu++14";
				CLANG_CXX_LIBRARY = "libc++";
				CLANG_ENABLE_MODULES = YES;
				CLANG_ENABLE_OBJC_ARC = YES;
				CLANG_ENABLE_OBJC_WEAK = YES;
				CLANG_WARN_BLOCK_CAPTURE_AUTORELEASING = YES;
				CLANG_WARN_BOOL_CONVERSION = YES;
				CLANG_WARN_COMMA = YES;
				CLANG_WARN_CONSTANT_CONVERSION = YES;
				CLANG_WARN_DEPRECATED_OBJC_IMPLEMENTATIONS = YES;
				CLANG_WARN_DIRECT_OBJC_ISA_USAGE = YES_ERROR;
				CLANG_WARN_DOCUMENTATION_COMMENTS = YES;
				CLANG_WARN_EMPTY_BODY = YES;
				CLANG_WARN_ENUM_CONVERSION = YES;
				CLANG_WARN_INFINITE_RECURSION = YES;
				CLANG_WARN_INT_CONVERSION = YES;
				CLANG_WARN_NON_LITERAL_NULL_CONVERSION = YES;
				CLANG_WARN_OBJC_IMPLICIT_RETAIN_SELF = YES;
				CLANG_WARN_OBJC_LITERAL_CONVERSION = YES;
				CLANG_WARN_OBJC_ROOT_CLASS = YES_ERROR;
				CLANG_WARN_RANGE_LOOP_ANALYSIS = YES;
				CLANG_WARN_STRICT_PROTOTYPES = YES;
				CLANG_WARN_SUSPICIOUS_MOVE = YES;
				CLANG_WARN_UNGUARDED_AVAILABILITY = YES_AGGRESSIVE;
				CLANG_WARN_UNREACHABLE_CODE = YES;
				CLANG_WARN__DUPLICATE_METHOD_MATCH = YES;
				COPY_PHASE_STRIP = NO;
				DEBUG_INFORMATION_FORMAT = dwarf;
				ENABLE_STRICT_OBJC_MSGSEND = YES;
				ENABLE_TESTABILITY = YES;
				GCC_C_LANGUAGE_STANDARD = gnu11;
				GCC_DYNAMIC_NO_PIC = NO;
				GCC_NO_COMMON_BLOCKS = YES;
				GCC_OPTIMIZATION_LEVEL = 0;
				GCC_PREPROCESSOR_DEFINITIONS = (
					"DEBUG=1",
					"$(inherited)",
				);
				GCC_WARN_64_TO_32_BIT_CONVERSION = YES;
				GCC_WARN_ABOUT_RETURN_TYPE = YES_ERROR;
				GCC_WARN_UNDECLARED_SELECTOR = YES;
				GCC_WARN_UNINITIALIZED_AUTOS = YES_AGGRESSIVE;
				GCC_WARN_UNUSED_FUNCTION = YES;
				GCC_WARN_UNUSED_VARIABLE = YES;
				IPHONEOS_DEPLOYMENT_TARGET = 13.2;
				MTL_ENABLE_DEBUG_INFO = INCLUDE_SOURCE;
				MTL_FAST_MATH = YES;
				ONLY_ACTIVE_ARCH = YES;
				SDKROOT = iphoneos;
				SWIFT_ACTIVE_COMPILATION_CONDITIONS = DEBUG;
				SWIFT_OPTIMIZATION_LEVEL = "-Onone";
			};
			name = Debug;
		};
		2258524324D3FD7D00FE307F /* Release */ = {
			isa = XCBuildConfiguration;
			buildSettings = {
				ALWAYS_SEARCH_USER_PATHS = NO;
				CLANG_ANALYZER_NONNULL = YES;
				CLANG_ANALYZER_NUMBER_OBJECT_CONVERSION = YES_AGGRESSIVE;
				CLANG_CXX_LANGUAGE_STANDARD = "gnu++14";
				CLANG_CXX_LIBRARY = "libc++";
				CLANG_ENABLE_MODULES = YES;
				CLANG_ENABLE_OBJC_ARC = YES;
				CLANG_ENABLE_OBJC_WEAK = YES;
				CLANG_WARN_BLOCK_CAPTURE_AUTORELEASING = YES;
				CLANG_WARN_BOOL_CONVERSION = YES;
				CLANG_WARN_COMMA = YES;
				CLANG_WARN_CONSTANT_CONVERSION = YES;
				CLANG_WARN_DEPRECATED_OBJC_IMPLEMENTATIONS = YES;
				CLANG_WARN_DIRECT_OBJC_ISA_USAGE = YES_ERROR;
				CLANG_WARN_DOCUMENTATION_COMMENTS = YES;
				CLANG_WARN_EMPTY_BODY = YES;
				CLANG_WARN_ENUM_CONVERSION = YES;
				CLANG_WARN_INFINITE_RECURSION = YES;
				CLANG_WARN_INT_CONVERSION = YES;
				CLANG_WARN_NON_LITERAL_NULL_CONVERSION = YES;
				CLANG_WARN_OBJC_IMPLICIT_RETAIN_SELF = YES;
				CLANG_WARN_OBJC_LITERAL_CONVERSION = YES;
				CLANG_WARN_OBJC_ROOT_CLASS = YES_ERROR;
				CLANG_WARN_RANGE_LOOP_ANALYSIS = YES;
				CLANG_WARN_STRICT_PROTOTYPES = YES;
				CLANG_WARN_SUSPICIOUS_MOVE = YES;
				CLANG_WARN_UNGUARDED_AVAILABILITY = YES_AGGRESSIVE;
				CLANG_WARN_UNREACHABLE_CODE = YES;
				CLANG_WARN__DUPLICATE_METHOD_MATCH = YES;
				COPY_PHASE_STRIP = NO;
				DEBUG_INFORMATION_FORMAT = "dwarf-with-dsym";
				ENABLE_NS_ASSERTIONS = NO;
				ENABLE_STRICT_OBJC_MSGSEND = YES;
				GCC_C_LANGUAGE_STANDARD = gnu11;
				GCC_NO_COMMON_BLOCKS = YES;
				GCC_WARN_64_TO_32_BIT_CONVERSION = YES;
				GCC_WARN_ABOUT_RETURN_TYPE = YES_ERROR;
				GCC_WARN_UNDECLARED_SELECTOR = YES;
				GCC_WARN_UNINITIALIZED_AUTOS = YES_AGGRESSIVE;
				GCC_WARN_UNUSED_FUNCTION = YES;
				GCC_WARN_UNUSED_VARIABLE = YES;
				IPHONEOS_DEPLOYMENT_TARGET = 13.2;
				MTL_ENABLE_DEBUG_INFO = NO;
				MTL_FAST_MATH = YES;
				SDKROOT = iphoneos;
				SWIFT_COMPILATION_MODE = wholemodule;
				SWIFT_OPTIMIZATION_LEVEL = "-O";
				VALIDATE_PRODUCT = YES;
			};
			name = Release;
		};
		2258524524D3FD7D00FE307F /* Debug */ = {
			isa = XCBuildConfiguration;
			baseConfigurationReference = B8BD9DB028E425857536CA48 /* Pods-ToDoList.debug.xcconfig */;
			buildSettings = {
				ASSETCATALOG_COMPILER_APPICON_NAME = AppIcon;
				CODE_SIGN_STYLE = Automatic;
				DEVELOPMENT_TEAM = U3M4LL9W3U;
				INFOPLIST_FILE = ToDoList/Info.plist;
				LD_RUNPATH_SEARCH_PATHS = (
					"$(inherited)",
					"@executable_path/Frameworks",
				);
				PRODUCT_BUNDLE_IDENTIFIER = com.tranviet.ToDoList;
				PRODUCT_NAME = "$(TARGET_NAME)";
				SWIFT_VERSION = 5.0;
				TARGETED_DEVICE_FAMILY = "1,2";
			};
			name = Debug;
		};
		2258524624D3FD7D00FE307F /* Release */ = {
			isa = XCBuildConfiguration;
			baseConfigurationReference = 724C324AA0AFCFE91AC388ED /* Pods-ToDoList.release.xcconfig */;
			buildSettings = {
				ASSETCATALOG_COMPILER_APPICON_NAME = AppIcon;
				CODE_SIGN_STYLE = Automatic;
				DEVELOPMENT_TEAM = U3M4LL9W3U;
				INFOPLIST_FILE = ToDoList/Info.plist;
				LD_RUNPATH_SEARCH_PATHS = (
					"$(inherited)",
					"@executable_path/Frameworks",
				);
				PRODUCT_BUNDLE_IDENTIFIER = com.tranviet.ToDoList;
				PRODUCT_NAME = "$(TARGET_NAME)";
				SWIFT_VERSION = 5.0;
				TARGETED_DEVICE_FAMILY = "1,2";
			};
			name = Release;
		};
/* End XCBuildConfiguration section */

/* Begin XCConfigurationList section */
		2258522B24D3FD7B00FE307F /* Build configuration list for PBXProject "ToDoList" */ = {
			isa = XCConfigurationList;
			buildConfigurations = (
				2258524224D3FD7D00FE307F /* Debug */,
				2258524324D3FD7D00FE307F /* Release */,
			);
			defaultConfigurationIsVisible = 0;
			defaultConfigurationName = Release;
		};
		2258524424D3FD7D00FE307F /* Build configuration list for PBXNativeTarget "ToDoList" */ = {
			isa = XCConfigurationList;
			buildConfigurations = (
				2258524524D3FD7D00FE307F /* Debug */,
				2258524624D3FD7D00FE307F /* Release */,
			);
			defaultConfigurationIsVisible = 0;
			defaultConfigurationName = Release;
		};
/* End XCConfigurationList section */
	};
	rootObject = 2258522824D3FD7B00FE307F /* Project object */;
}
